
Microsoft Visual Studio Solution File, Format Version 12.00
# Visual Studio Version 16
VisualStudioVersion = 16.0.31702.278
MinimumVisualStudioVersion = 10.0.40219.1
Project("{9A19103F-16F7-4668-BE54-9A1E7A4F7556}") = "Identity.Server", "Server\Identity.Server.csproj", "{88FF56CA-D99D-470D-A6EA-F60DAA3D889F}"
EndProject
Project("{9A19103F-16F7-4668-BE54-9A1E7A4F7556}") = "Identity.Client", "Client\Identity.Client.csproj", "{8A84BE8F-3679-4205-9AC7-2C45A7A85E5C}"
EndProject
Project("{9A19103F-16F7-4668-BE54-9A1E7A4F7556}") = "Identity.Shared", "Shared\Identity.Shared.csproj", "{E0D633B7-0C9F-404D-B7AC-A2EE31104AB7}"
EndProject
Global
	GlobalSection(SolutionConfigurationPlatforms) = preSolution
		Debug|Any CPU = Debug|Any CPU
		Release|Any CPU = Release|Any CPU
	EndGlobalSection
	GlobalSection(ProjectConfigurationPlatforms) = postSolution
		{88FF56CA-D99D-470D-A6EA-F60DAA3D889F}.Debug|Any CPU.ActiveCfg = Debug|Any CPU
		{88FF56CA-D99D-470D-A6EA-F60DAA3D889F}.Debug|Any CPU.Build.0 = Debug|Any CPU
		{88FF56CA-D99D-470D-A6EA-F60DAA3D889F}.Release|Any CPU.ActiveCfg = Release|Any CPU
		{88FF56CA-D99D-470D-A6EA-F60DAA3D889F}.Release|Any CPU.Build.0 = Release|Any CPU
		{8A84BE8F-3679-4205-9AC7-2C45A7A85E5C}.Debug|Any CPU.ActiveCfg = Debug|Any CPU
		{8A84BE8F-3679-4205-9AC7-2C45A7A85E5C}.Debug|Any CPU.Build.0 = Debug|Any CPU
		{8A84BE8F-3679-4205-9AC7-2C45A7A85E5C}.Release|Any CPU.ActiveCfg = Release|Any CPU
		{8A84BE8F-3679-4205-9AC7-2C45A7A85E5C}.Release|Any CPU.Build.0 = Release|Any CPU
		{E0D633B7-0C9F-404D-B7AC-A2EE31104AB7}.Debug|Any CPU.ActiveCfg = Debug|Any CPU
		{E0D633B7-0C9F-404D-B7AC-A2EE31104AB7}.Debug|Any CPU.Build.0 = Debug|Any CPU
		{E0D633B7-0C9F-404D-B7AC-A2EE31104AB7}.Release|Any CPU.ActiveCfg = Release|Any CPU
		{E0D633B7-0C9F-404D-B7AC-A2EE31104AB7}.Release|Any CPU.Build.0 = Release|Any CPU
	EndGlobalSection
	GlobalSection(SolutionProperties) = preSolution
		HideSolutionNode = FALSE
	EndGlobalSection
	GlobalSection(ExtensibilityGlobals) = postSolution
		SolutionGuid = {836C4807-242B-441C-BBDE-FB0187723902}
	EndGlobalSection
EndGlobal
